// !$*UTF8*$!
{
	archiveVersion = 1;
	classes = {
	};
	objectVersion = 46;
	objects = {

/* Begin PBXBuildFile section */
		0028A8481BAC650400E689EE /* ResultTableViewController.m in Sources */ = {isa = PBXBuildFile; fileRef = 0028A8471BAC650400E689EE /* ResultTableViewController.m */; };
		0028A84B1BAC654E00E689EE /* ResultCell.m in Sources */ = {isa = PBXBuildFile; fileRef = 0028A84A1BAC654E00E689EE /* ResultCell.m */; };
		003E501F1B9C122F005C5426 /* main.m in Sources */ = {isa = PBXBuildFile; fileRef = 003E501E1B9C122F005C5426 /* main.m */; };
		003E50221B9C122F005C5426 /* AppDelegate.m in Sources */ = {isa = PBXBuildFile; fileRef = 003E50211B9C122F005C5426 /* AppDelegate.m */; };
		003E50251B9C122F005C5426 /* ViewController.m in Sources */ = {isa = PBXBuildFile; fileRef = 003E50241B9C122F005C5426 /* ViewController.m */; };
		003E50281B9C122F005C5426 /* Main.storyboard in Resources */ = {isa = PBXBuildFile; fileRef = 003E50261B9C122F005C5426 /* Main.storyboard */; };
		003E502A1B9C122F005C5426 /* Images.xcassets in Resources */ = {isa = PBXBuildFile; fileRef = 003E50291B9C122F005C5426 /* Images.xcassets */; };
		003E502D1B9C122F005C5426 /* LaunchScreen.xib in Resources */ = {isa = PBXBuildFile; fileRef = 003E502B1B9C122F005C5426 /* LaunchScreen.xib */; };
		003E50391B9C122F005C5426 /* WhoIsThisActorTests.m in Sources */ = {isa = PBXBuildFile; fileRef = 003E50381B9C122F005C5426 /* WhoIsThisActorTests.m */; };
		005813D31BB781A800F7DCD7 /* BiographyViewController.m in Sources */ = {isa = PBXBuildFile; fileRef = 005813D21BB781A800F7DCD7 /* BiographyViewController.m */; settings = {ASSET_TAGS = (); }; };
		005813D61BB78A2900F7DCD7 /* NoInformationCell.m in Sources */ = {isa = PBXBuildFile; fileRef = 005813D51BB78A2900F7DCD7 /* NoInformationCell.m */; settings = {ASSET_TAGS = (); }; };
		00AFDF131BA66DC50023CAF7 /* favorite-star-icon copy.png in Resources */ = {isa = PBXBuildFile; fileRef = 00AFDF121BA66DC50023CAF7 /* favorite-star-icon copy.png */; };
		00DD74C91BB0EEF400E48457 /* button.png in Resources */ = {isa = PBXBuildFile; fileRef = 00DD74C81BB0EEF400E48457 /* button.png */; settings = {ASSET_TAGS = (); }; };
		00DD74CB1BB0EEFE00E48457 /* Design.png in Resources */ = {isa = PBXBuildFile; fileRef = 00DD74CA1BB0EEFE00E48457 /* Design.png */; settings = {ASSET_TAGS = (); }; };
		00EDE2D81BA24E9100D56174 /* Actor.m in Sources */ = {isa = PBXBuildFile; fileRef = 00EDE2D71BA24E9100D56174 /* Actor.m */; };
/* End PBXBuildFile section */

/* Begin PBXContainerItemProxy section */
		003E50331B9C122F005C5426 /* PBXContainerItemProxy */ = {
			isa = PBXContainerItemProxy;
			containerPortal = 003E50111B9C122F005C5426 /* Project object */;
			proxyType = 1;
			remoteGlobalIDString = 003E50181B9C122F005C5426;
			remoteInfo = WhoIsThisActor;
		};
/* End PBXContainerItemProxy section */

/* Begin PBXFileReference section */
		0028A8461BAC650400E689EE /* ResultTableViewController.h */ = {isa = PBXFileReference; fileEncoding = 4; lastKnownFileType = sourcecode.c.h; path = ResultTableViewController.h; sourceTree = "<group>"; };
		0028A8471BAC650400E689EE /* ResultTableViewController.m */ = {isa = PBXFileReference; fileEncoding = 4; lastKnownFileType = sourcecode.c.objc; path = ResultTableViewController.m; sourceTree = "<group>"; };
		0028A8491BAC654E00E689EE /* ResultCell.h */ = {isa = PBXFileReference; fileEncoding = 4; lastKnownFileType = sourcecode.c.h; path = ResultCell.h; sourceTree = "<group>"; };
		0028A84A1BAC654E00E689EE /* ResultCell.m */ = {isa = PBXFileReference; fileEncoding = 4; lastKnownFileType = sourcecode.c.objc; path = ResultCell.m; sourceTree = "<group>"; };
		003E50191B9C122F005C5426 /* WhoIsThisActor.app */ = {isa = PBXFileReference; explicitFileType = wrapper.application; includeInIndex = 0; path = WhoIsThisActor.app; sourceTree = BUILT_PRODUCTS_DIR; };
		003E501D1B9C122F005C5426 /* Info.plist */ = {isa = PBXFileReference; lastKnownFileType = text.plist.xml; path = Info.plist; sourceTree = "<group>"; };
		003E501E1B9C122F005C5426 /* main.m */ = {isa = PBXFileReference; lastKnownFileType = sourcecode.c.objc; path = main.m; sourceTree = "<group>"; };
		003E50201B9C122F005C5426 /* AppDelegate.h */ = {isa = PBXFileReference; lastKnownFileType = sourcecode.c.h; path = AppDelegate.h; sourceTree = "<group>"; };
		003E50211B9C122F005C5426 /* AppDelegate.m */ = {isa = PBXFileReference; lastKnownFileType = sourcecode.c.objc; path = AppDelegate.m; sourceTree = "<group>"; };
		003E50231B9C122F005C5426 /* ViewController.h */ = {isa = PBXFileReference; lastKnownFileType = sourcecode.c.h; path = ViewController.h; sourceTree = "<group>"; };
		003E50241B9C122F005C5426 /* ViewController.m */ = {isa = PBXFileReference; lastKnownFileType = sourcecode.c.objc; path = ViewController.m; sourceTree = "<group>"; };
		003E50271B9C122F005C5426 /* Base */ = {isa = PBXFileReference; lastKnownFileType = file.storyboard; name = Base; path = Base.lproj/Main.storyboard; sourceTree = "<group>"; };
		003E50291B9C122F005C5426 /* Images.xcassets */ = {isa = PBXFileReference; lastKnownFileType = folder.assetcatalog; path = Images.xcassets; sourceTree = "<group>"; };
		003E502C1B9C122F005C5426 /* Base */ = {isa = PBXFileReference; lastKnownFileType = file.xib; name = Base; path = Base.lproj/LaunchScreen.xib; sourceTree = "<group>"; };
		003E50321B9C122F005C5426 /* WhoIsThisActorTests.xctest */ = {isa = PBXFileReference; explicitFileType = wrapper.cfbundle; includeInIndex = 0; path = WhoIsThisActorTests.xctest; sourceTree = BUILT_PRODUCTS_DIR; };
		003E50371B9C122F005C5426 /* Info.plist */ = {isa = PBXFileReference; lastKnownFileType = text.plist.xml; path = Info.plist; sourceTree = "<group>"; };
		003E50381B9C122F005C5426 /* WhoIsThisActorTests.m */ = {isa = PBXFileReference; lastKnownFileType = sourcecode.c.objc; path = WhoIsThisActorTests.m; sourceTree = "<group>"; };
		005813D11BB781A800F7DCD7 /* BiographyViewController.h */ = {isa = PBXFileReference; fileEncoding = 4; lastKnownFileType = sourcecode.c.h; path = BiographyViewController.h; sourceTree = "<group>"; };
		005813D21BB781A800F7DCD7 /* BiographyViewController.m */ = {isa = PBXFileReference; fileEncoding = 4; lastKnownFileType = sourcecode.c.objc; path = BiographyViewController.m; sourceTree = "<group>"; };
		005813D41BB78A2900F7DCD7 /* NoInformationCell.h */ = {isa = PBXFileReference; fileEncoding = 4; lastKnownFileType = sourcecode.c.h; path = NoInformationCell.h; sourceTree = "<group>"; };
		005813D51BB78A2900F7DCD7 /* NoInformationCell.m */ = {isa = PBXFileReference; fileEncoding = 4; lastKnownFileType = sourcecode.c.objc; path = NoInformationCell.m; sourceTree = "<group>"; };
		00AFDF121BA66DC50023CAF7 /* favorite-star-icon copy.png */ = {isa = PBXFileReference; lastKnownFileType = image.png; path = "favorite-star-icon copy.png"; sourceTree = "<group>"; };
		00DD74C81BB0EEF400E48457 /* button.png */ = {isa = PBXFileReference; lastKnownFileType = image.png; path = button.png; sourceTree = "<group>"; };
		00DD74CA1BB0EEFE00E48457 /* Design.png */ = {isa = PBXFileReference; lastKnownFileType = image.png; path = Design.png; sourceTree = "<group>"; };
		00EDE2D61BA24E9100D56174 /* Actor.h */ = {isa = PBXFileReference; fileEncoding = 4; lastKnownFileType = sourcecode.c.h; path = Actor.h; sourceTree = "<group>"; };
		00EDE2D71BA24E9100D56174 /* Actor.m */ = {isa = PBXFileReference; fileEncoding = 4; lastKnownFileType = sourcecode.c.objc; path = Actor.m; sourceTree = "<group>"; };
/* End PBXFileReference section */

/* Begin PBXFrameworksBuildPhase section */
		003E50161B9C122F005C5426 /* Frameworks */ = {
			isa = PBXFrameworksBuildPhase;
			buildActionMask = 2147483647;
			files = (
			);
			runOnlyForDeploymentPostprocessing = 0;
		};
		003E502F1B9C122F005C5426 /* Frameworks */ = {
			isa = PBXFrameworksBuildPhase;
			buildActionMask = 2147483647;
			files = (
			);
			runOnlyForDeploymentPostprocessing = 0;
		};
/* End PBXFrameworksBuildPhase section */

/* Begin PBXGroup section */
		003E50101B9C122F005C5426 = {
			isa = PBXGroup;
			children = (
				003E501B1B9C122F005C5426 /* WhoIsThisActor */,
				003E50351B9C122F005C5426 /* WhoIsThisActorTests */,
				003E501A1B9C122F005C5426 /* Products */,
			);
			sourceTree = "<group>";
		};
		003E501A1B9C122F005C5426 /* Products */ = {
			isa = PBXGroup;
			children = (
				003E50191B9C122F005C5426 /* WhoIsThisActor.app */,
				003E50321B9C122F005C5426 /* WhoIsThisActorTests.xctest */,
			);
			name = Products;
			sourceTree = "<group>";
		};
		003E501B1B9C122F005C5426 /* WhoIsThisActor */ = {
			isa = PBXGroup;
			children = (
				003E50231B9C122F005C5426 /* ViewController.h */,
				003E50241B9C122F005C5426 /* ViewController.m */,
				003E50261B9C122F005C5426 /* Main.storyboard */,
				003E501C1B9C122F005C5426 /* Supporting Files */,
				00EDE2D61BA24E9100D56174 /* Actor.h */,
				00EDE2D71BA24E9100D56174 /* Actor.m */,
				0028A8461BAC650400E689EE /* ResultTableViewController.h */,
				0028A8471BAC650400E689EE /* ResultTableViewController.m */,
				0028A8491BAC654E00E689EE /* ResultCell.h */,
				0028A84A1BAC654E00E689EE /* ResultCell.m */,
				005813D11BB781A800F7DCD7 /* BiographyViewController.h */,
				005813D21BB781A800F7DCD7 /* BiographyViewController.m */,
				005813D41BB78A2900F7DCD7 /* NoInformationCell.h */,
				005813D51BB78A2900F7DCD7 /* NoInformationCell.m */,
			);
			path = WhoIsThisActor;
			sourceTree = "<group>";
		};
		003E501C1B9C122F005C5426 /* Supporting Files */ = {
			isa = PBXGroup;
			children = (
				00AFDF121BA66DC50023CAF7 /* favorite-star-icon copy.png */,
				003E50291B9C122F005C5426 /* Images.xcassets */,
				00DD74CA1BB0EEFE00E48457 /* Design.png */,
				00DD74C81BB0EEF400E48457 /* button.png */,
				003E50201B9C122F005C5426 /* AppDelegate.h */,
				003E502B1B9C122F005C5426 /* LaunchScreen.xib */,
				003E50211B9C122F005C5426 /* AppDelegate.m */,
				003E501D1B9C122F005C5426 /* Info.plist */,
				003E501E1B9C122F005C5426 /* main.m */,
			);
			name = "Supporting Files";
			sourceTree = "<group>";
		};
		003E50351B9C122F005C5426 /* WhoIsThisActorTests */ = {
			isa = PBXGroup;
			children = (
				003E50381B9C122F005C5426 /* WhoIsThisActorTests.m */,
				003E50361B9C122F005C5426 /* Supporting Files */,
			);
			path = WhoIsThisActorTests;
			sourceTree = "<group>";
		};
		003E50361B9C122F005C5426 /* Supporting Files */ = {
			isa = PBXGroup;
			children = (
				003E50371B9C122F005C5426 /* Info.plist */,
			);
			name = "Supporting Files";
			sourceTree = "<group>";
		};
/* End PBXGroup section */

/* Begin PBXNativeTarget section */
		003E50181B9C122F005C5426 /* WhoIsThisActor */ = {
			isa = PBXNativeTarget;
			buildConfigurationList = 003E503C1B9C122F005C5426 /* Build configuration list for PBXNativeTarget "WhoIsThisActor" */;
			buildPhases = (
				003E50151B9C122F005C5426 /* Sources */,
				003E50161B9C122F005C5426 /* Frameworks */,
				003E50171B9C122F005C5426 /* Resources */,
			);
			buildRules = (
			);
			dependencies = (
			);
			name = WhoIsThisActor;
			productName = WhoIsThisActor;
			productReference = 003E50191B9C122F005C5426 /* WhoIsThisActor.app */;
			productType = "com.apple.product-type.application";
		};
		003E50311B9C122F005C5426 /* WhoIsThisActorTests */ = {
			isa = PBXNativeTarget;
			buildConfigurationList = 003E503F1B9C122F005C5426 /* Build configuration list for PBXNativeTarget "WhoIsThisActorTests" */;
			buildPhases = (
				003E502E1B9C122F005C5426 /* Sources */,
				003E502F1B9C122F005C5426 /* Frameworks */,
				003E50301B9C122F005C5426 /* Resources */,
			);
			buildRules = (
			);
			dependencies = (
				003E50341B9C122F005C5426 /* PBXTargetDependency */,
			);
			name = WhoIsThisActorTests;
			productName = WhoIsThisActorTests;
			productReference = 003E50321B9C122F005C5426 /* WhoIsThisActorTests.xctest */;
			productType = "com.apple.product-type.bundle.unit-test";
		};
/* End PBXNativeTarget section */

/* Begin PBXProject section */
		003E50111B9C122F005C5426 /* Project object */ = {
			isa = PBXProject;
			attributes = {
				LastUpgradeCheck = 0640;
				ORGANIZATIONNAME = "Nguyen Huy";
				TargetAttributes = {
					003E50181B9C122F005C5426 = {
						CreatedOnToolsVersion = 6.4;
						DevelopmentTeam = 8XQ79PAU47;
					};
					003E50311B9C122F005C5426 = {
						CreatedOnToolsVersion = 6.4;
						TestTargetID = 003E50181B9C122F005C5426;
					};
				};
			};
			buildConfigurationList = 003E50141B9C122F005C5426 /* Build configuration list for PBXProject "WhoIsThisActor" */;
			compatibilityVersion = "Xcode 3.2";
			developmentRegion = English;
			hasScannedForEncodings = 0;
			knownRegions = (
				en,
				Base,
			);
			mainGroup = 003E50101B9C122F005C5426;
			productRefGroup = 003E501A1B9C122F005C5426 /* Products */;
			projectDirPath = "";
			projectRoot = "";
			targets = (
				003E50181B9C122F005C5426 /* WhoIsThisActor */,
				003E50311B9C122F005C5426 /* WhoIsThisActorTests */,
			);
		};
/* End PBXProject section */

/* Begin PBXResourcesBuildPhase section */
		003E50171B9C122F005C5426 /* Resources */ = {
			isa = PBXResourcesBuildPhase;
			buildActionMask = 2147483647;
			files = (
				003E50281B9C122F005C5426 /* Main.storyboard in Resources */,
				00DD74C91BB0EEF400E48457 /* button.png in Resources */,
				003E502D1B9C122F005C5426 /* LaunchScreen.xib in Resources */,
				00AFDF131BA66DC50023CAF7 /* favorite-star-icon copy.png in Resources */,
				003E502A1B9C122F005C5426 /* Images.xcassets in Resources */,
				00DD74CB1BB0EEFE00E48457 /* Design.png in Resources */,
			);
			runOnlyForDeploymentPostprocessing = 0;
		};
		003E50301B9C122F005C5426 /* Resources */ = {
			isa = PBXResourcesBuildPhase;
			buildActionMask = 2147483647;
			files = (
			);
			runOnlyForDeploymentPostprocessing = 0;
		};
/* End PBXResourcesBuildPhase section */

/* Begin PBXSourcesBuildPhase section */
		003E50151B9C122F005C5426 /* Sources */ = {
			isa = PBXSourcesBuildPhase;
			buildActionMask = 2147483647;
			files = (
				003E50251B9C122F005C5426 /* ViewController.m in Sources */,
				005813D61BB78A2900F7DCD7 /* NoInformationCell.m in Sources */,
				0028A84B1BAC654E00E689EE /* ResultCell.m in Sources */,
				00EDE2D81BA24E9100D56174 /* Actor.m in Sources */,
				003E50221B9C122F005C5426 /* AppDelegate.m in Sources */,
				003E501F1B9C122F005C5426 /* main.m in Sources */,
				0028A8481BAC650400E689EE /* ResultTableViewController.m in Sources */,
				005813D31BB781A800F7DCD7 /* BiographyViewController.m in Sources */,
			);
			runOnlyForDeploymentPostprocessing = 0;
		};
		003E502E1B9C122F005C5426 /* Sources */ = {
			isa = PBXSourcesBuildPhase;
			buildActionMask = 2147483647;
			files = (
				003E50391B9C122F005C5426 /* WhoIsThisActorTests.m in Sources */,
			);
			runOnlyForDeploymentPostprocessing = 0;
		};
/* End PBXSourcesBuildPhase section */

/* Begin PBXTargetDependency section */
		003E50341B9C122F005C5426 /* PBXTargetDependency */ = {
			isa = PBXTargetDependency;
			target = 003E50181B9C122F005C5426 /* WhoIsThisActor */;
			targetProxy = 003E50331B9C122F005C5426 /* PBXContainerItemProxy */;
		};
/* End PBXTargetDependency section */

/* Begin PBXVariantGroup section */
		003E50261B9C122F005C5426 /* Main.storyboard */ = {
			isa = PBXVariantGroup;
			children = (
				003E50271B9C122F005C5426 /* Base */,
			);
			name = Main.storyboard;
			sourceTree = "<group>";
		};
		003E502B1B9C122F005C5426 /* LaunchScreen.xib */ = {
			isa = PBXVariantGroup;
			children = (
				003E502C1B9C122F005C5426 /* Base */,
			);
			name = LaunchScreen.xib;
			sourceTree = "<group>";
		};
/* End PBXVariantGroup section */

/* Begin XCBuildConfiguration section */
		003E503A1B9C122F005C5426 /* Debug */ = {
			isa = XCBuildConfiguration;
			buildSettings = {
				ALWAYS_SEARCH_USER_PATHS = NO;
				CLANG_CXX_LANGUAGE_STANDARD = "gnu++0x";
				CLANG_CXX_LIBRARY = "libc++";
				CLANG_ENABLE_MODULES = YES;
				CLANG_ENABLE_OBJC_ARC = YES;
				CLANG_WARN_BOOL_CONVERSION = YES;
				CLANG_WARN_CONSTANT_CONVERSION = YES;
				CLANG_WARN_DIRECT_OBJC_ISA_USAGE = YES_ERROR;
				CLANG_WARN_EMPTY_BODY = YES;
				CLANG_WARN_ENUM_CONVERSION = YES;
				CLANG_WARN_INT_CONVERSION = YES;
				CLANG_WARN_OBJC_ROOT_CLASS = YES_ERROR;
				CLANG_WARN_UNREACHABLE_CODE = YES;
				CLANG_WARN__DUPLICATE_METHOD_MATCH = YES;
				"CODE_SIGN_IDENTITY[sdk=iphoneos*]" = "iPhone Developer";
				COPY_PHASE_STRIP = NO;
				DEBUG_INFORMATION_FORMAT = "dwarf-with-dsym";
				ENABLE_STRICT_OBJC_MSGSEND = YES;
				GCC_C_LANGUAGE_STANDARD = gnu99;
				GCC_DYNAMIC_NO_PIC = NO;
				GCC_NO_COMMON_BLOCKS = YES;
				GCC_OPTIMIZATION_LEVEL = 0;
				GCC_PREPROCESSOR_DEFINITIONS = (
					"DEBUG=1",
					"$(inherited)",
				);
				GCC_SYMBOLS_PRIVATE_EXTERN = NO;
				GCC_WARN_64_TO_32_BIT_CONVERSION = YES;
				GCC_WARN_ABOUT_RETURN_TYPE = YES_ERROR;
				GCC_WARN_UNDECLARED_SELECTOR = YES;
				GCC_WARN_UNINITIALIZED_AUTOS = YES_AGGRESSIVE;
				GCC_WARN_UNUSED_FUNCTION = YES;
				GCC_WARN_UNUSED_VARIABLE = YES;
				IPHONEOS_DEPLOYMENT_TARGET = 8.4;
				MTL_ENABLE_DEBUG_INFO = YES;
				ONLY_ACTIVE_ARCH = YES;
				SDKROOT = iphoneos;
			};
			name = Debug;
		};
		003E503B1B9C122F005C5426 /* Release */ = {
			isa = XCBuildConfiguration;
			buildSettings = {
				ALWAYS_SEARCH_USER_PATHS = NO;
				CLANG_CXX_LANGUAGE_STANDARD = "gnu++0x";
				CLANG_CXX_LIBRARY = "libc++";
				CLANG_ENABLE_MODULES = YES;
				CLANG_ENABLE_OBJC_ARC = YES;
				CLANG_WARN_BOOL_CONVERSION = YES;
				CLANG_WARN_CONSTANT_CONVERSION = YES;
				CLANG_WARN_DIRECT_OBJC_ISA_USAGE = YES_ERROR;
				CLANG_WARN_EMPTY_BODY = YES;
				CLANG_WARN_ENUM_CONVERSION = YES;
				CLANG_WARN_INT_CONVERSION = YES;
				CLANG_WARN_OBJC_ROOT_CLASS = YES_ERROR;
				CLANG_WARN_UNREACHABLE_CODE = YES;
				CLANG_WARN__DUPLICATE_METHOD_MATCH = YES;
				"CODE_SIGN_IDENTITY[sdk=iphoneos*]" = "iPhone Developer";
				COPY_PHASE_STRIP = NO;
				DEBUG_INFORMATION_FORMAT = "dwarf-with-dsym";
				ENABLE_NS_ASSERTIONS = NO;
				ENABLE_STRICT_OBJC_MSGSEND = YES;
				GCC_C_LANGUAGE_STANDARD = gnu99;
				GCC_NO_COMMON_BLOCKS = YES;
				GCC_WARN_64_TO_32_BIT_CONVERSION = YES;
				GCC_WARN_ABOUT_RETURN_TYPE = YES_ERROR;
				GCC_WARN_UNDECLARED_SELECTOR = YES;
				GCC_WARN_UNINITIALIZED_AUTOS = YES_AGGRESSIVE;
				GCC_WARN_UNUSED_FUNCTION = YES;
				GCC_WARN_UNUSED_VARIABLE = YES;
				IPHONEOS_DEPLOYMENT_TARGET = 8.4;
				MTL_ENABLE_DEBUG_INFO = NO;
				SDKROOT = iphoneos;
				VALIDATE_PRODUCT = YES;
			};
			name = Release;
		};
		003E503D1B9C122F005C5426 /* Debug */ = {
			isa = XCBuildConfiguration;
			buildSettings = {
				ASSETCATALOG_COMPILER_APPICON_NAME = AppIcon;
				CODE_SIGN_IDENTITY = "iPhone Developer";
				"CODE_SIGN_IDENTITY[sdk=iphoneos*]" = "iPhone Developer";
				INFOPLIST_FILE = WhoIsThisActor/Info.plist;
				IPHONEOS_DEPLOYMENT_TARGET = 8.4;
				LD_RUNPATH_SEARCH_PATHS = "$(inherited) @executable_path/Frameworks";
				PRODUCT_NAME = "$(TARGET_NAME)";
				PROVISIONING_PROFILE = "";
			};
			name = Debug;
		};
		003E503E1B9C122F005C5426 /* Release */ = {
			isa = XCBuildConfiguration;
			buildSettings = {
				ASSETCATALOG_COMPILER_APPICON_NAME = AppIcon;
				CODE_SIGN_IDENTITY = "iPhone Developer";
				"CODE_SIGN_IDENTITY[sdk=iphoneos*]" = "iPhone Developer";
				INFOPLIST_FILE = WhoIsThisActor/Info.plist;
				IPHONEOS_DEPLOYMENT_TARGET = 8.4;
				LD_RUNPATH_SEARCH_PATHS = "$(inherited) @executable_path/Frameworks";
				PRODUCT_NAME = "$(TARGET_NAME)";
				PROVISIONING_PROFILE = "";
			};
			name = Release;
		};
		003E50401B9C122F005C5426 /* Debug */ = {
			isa = XCBuildConfiguration;
			buildSettings = {
				BUNDLE_LOADER = "$(TEST_HOST)";
				FRAMEWORK_SEARCH_PATHS = (
					"$(SDKROOT)/Developer/Library/Frameworks",
					"$(inherited)",
				);
				GCC_PREPROCESSOR_DEFINITIONS = (
					"DEBUG=1",
					"$(inherited)",
				);
				INFOPLIST_FILE = WhoIsThisActorTests/Info.plist;
				LD_RUNPATH_SEARCH_PATHS = "$(inherited) @executable_path/Frameworks @loader_path/Frameworks";
				PRODUCT_NAME = "$(TARGET_NAME)";
				TEST_HOST = "$(BUILT_PRODUCTS_DIR)/WhoIsThisActor.app/WhoIsThisActor";
			};
			name = Debug;
		};
		003E50411B9C122F005C5426 /* Release */ = {
			isa = XCBuildConfiguration;
			buildSettings = {
				BUNDLE_LOADER = "$(TEST_HOST)";
				FRAMEWORK_SEARCH_PATHS = (
					"$(SDKROOT)/Developer/Library/Frameworks",
					"$(inherited)",
				);
				INFOPLIST_FILE = WhoIsThisActorTests/Info.plist;
				LD_RUNPATH_SEARCH_PATHS = "$(inherited) @executable_path/Frameworks @loader_path/Frameworks";
				PRODUCT_NAME = "$(TARGET_NAME)";
				TEST_HOST = "$(BUILT_PRODUCTS_DIR)/WhoIsThisActor.app/WhoIsThisActor";
			};
			name = Release;
		};
/* End XCBuildConfiguration section */

/* Begin XCConfigurationList section */
		003E50141B9C122F005C5426 /* Build configuration list for PBXProject "WhoIsThisActor" */ = {
			isa = XCConfigurationList;
			buildConfigurations = (
				003E503A1B9C122F005C5426 /* Debug */,
				003E503B1B9C122F005C5426 /* Release */,
			);
			defaultConfigurationIsVisible = 0;
			defaultConfigurationName = Release;
		};
		003E503C1B9C122F005C5426 /* Build configuration list for PBXNativeTarget "WhoIsThisActor" */ = {
			isa = XCConfigurationList;
			buildConfigurations = (
				003E503D1B9C122F005C5426 /* Debug */,
				003E503E1B9C122F005C5426 /* Release */,
			);
			defaultConfigurationIsVisible = 0;
			defaultConfigurationName = Release;
		};
		003E503F1B9C122F005C5426 /* Build configuration list for PBXNativeTarget "WhoIsThisActorTests" */ = {
			isa = XCConfigurationList;
			buildConfigurations = (
				003E50401B9C122F005C5426 /* Debug */,
				003E50411B9C122F005C5426 /* Release */,
			);
			defaultConfigurationIsVisible = 0;
			defaultConfigurationName = Release;
		};
/* End XCConfigurationList section */
	};
	rootObject = 003E50111B9C122F005C5426 /* Project object */;
}
